
Microsoft Visual Studio Solution File, Format Version 12.00
# Visual Studio Version 17
VisualStudioVersion = 17.3.32825.248
MinimumVisualStudioVersion = 10.0.40219.1
Project("{8BC9CEB8-8B4A-11D0-8D11-00A0C91BC942}") = "GreenPill", "GreenPill.vcxproj", "{403ED408-96AF-4A89-9532-D6CC101C068A}"
EndProject
Global
	GlobalSection(SolutionConfigurationPlatforms) = preSolution
		Debug|x64 = Debug|x64
		Debug|x86 = Debug|x86
		Release|x64 = Release|x64
		Release|x86 = Release|x86
	EndGlobalSection
	GlobalSection(ProjectConfigurationPlatforms) = postSolution
		{403ED408-96AF-4A89-9532-D6CC101C068A}.Debug|x64.ActiveCfg = Debug|x64
		{403ED408-96AF-4A89-9532-D6CC101C068A}.Debug|x64.Build.0 = Debug|x64
		{403ED408-96AF-4A89-9532-D6CC101C068A}.Debug|x86.ActiveCfg = Debug|Win32
		{403ED408-96AF-4A89-9532-D6CC101C068A}.Debug|x86.Build.0 = Debug|Win32
		{403ED408-96AF-4A89-9532-D6CC101C068A}.Release|x64.ActiveCfg = Release|x64
		{403ED408-96AF-4A89-9532-D6CC101C068A}.Release|x64.Build.0 = Release|x64
		{403ED408-96AF-4A89-9532-D6CC101C068A}.Release|x86.ActiveCfg = Release|Win32
		{403ED408-96AF-4A89-9532-D6CC101C068A}.Release|x86.Build.0 = Release|Win32
	EndGlobalSection
	GlobalSection(SolutionProperties) = preSolution
		HideSolutionNode = FALSE
	EndGlobalSection
	GlobalSection(ExtensibilityGlobals) = postSolution
		SolutionGuid = {C4881996-F12E-46BB-B883-D971081DE797}
	EndGlobalSection
EndGlobal
